// !$*UTF8*$!
{
	archiveVersion = 1;
	classes = {
	};
	objectVersion = 55;
	objects = {

/* Begin PBXBuildFile section */
		399C4E7CE27890E3D577DDD9 /* Pods_hashKeyboard.framework in Frameworks */ = {isa = PBXBuildFile; fileRef = B635627AF3ABC091308D9ADC /* Pods_hashKeyboard.framework */; };
		AE07C87F271910B8004992B7 /* AppDelegate.swift in Sources */ = {isa = PBXBuildFile; fileRef = AE07C87E271910B8004992B7 /* AppDelegate.swift */; };
		AE07C881271910B8004992B7 /* SceneDelegate.swift in Sources */ = {isa = PBXBuildFile; fileRef = AE07C880271910B8004992B7 /* SceneDelegate.swift */; };
		AE07C886271910B8004992B7 /* Main.storyboard in Resources */ = {isa = PBXBuildFile; fileRef = AE07C884271910B8004992B7 /* Main.storyboard */; };
		AE07C888271910BB004992B7 /* Assets.xcassets in Resources */ = {isa = PBXBuildFile; fileRef = AE07C887271910BB004992B7 /* Assets.xcassets */; };
		AE07C88B271910BB004992B7 /* LaunchScreen.storyboard in Resources */ = {isa = PBXBuildFile; fileRef = AE07C889271910BB004992B7 /* LaunchScreen.storyboard */; };
		CED6BD98271AFE7A00136B1E /* BookmarksViewController.swift in Sources */ = {isa = PBXBuildFile; fileRef = CED6BD97271AFE7A00136B1E /* BookmarksViewController.swift */; };
		CED6BD9A271AFE8600136B1E /* TagsViewController.swift in Sources */ = {isa = PBXBuildFile; fileRef = CED6BD99271AFE8600136B1E /* TagsViewController.swift */; };
		CED6BD9C271AFE9600136B1E /* ConfigViewController.swift in Sources */ = {isa = PBXBuildFile; fileRef = CED6BD9B271AFE9600136B1E /* ConfigViewController.swift */; };
		CED6BD9E271B108000136B1E /* EditBookmarkViewController.swift in Sources */ = {isa = PBXBuildFile; fileRef = CED6BD9D271B108000136B1E /* EditBookmarkViewController.swift */; };
		CED6BDA0271B134600136B1E /* EditTagViewController.swift in Sources */ = {isa = PBXBuildFile; fileRef = CED6BD9F271B134600136B1E /* EditTagViewController.swift */; };
		CED6BDA3271B16B200136B1E /* Bookmark.xcdatamodeld in Sources */ = {isa = PBXBuildFile; fileRef = CED6BDA1271B16B200136B1E /* Bookmark.xcdatamodeld */; };
		CED6BDC2271B1AF000136B1E /* Tag+CoreDataClass.swift in Sources */ = {isa = PBXBuildFile; fileRef = CED6BDC0271B1AF000136B1E /* Tag+CoreDataClass.swift */; };
		CED6BDC3271B1AF000136B1E /* Tag+CoreDataProperties.swift in Sources */ = {isa = PBXBuildFile; fileRef = CED6BDC1271B1AF000136B1E /* Tag+CoreDataProperties.swift */; };
		CED6BDC5271B1B9500136B1E /* CoreDataManager.swift in Sources */ = {isa = PBXBuildFile; fileRef = CED6BDC4271B1B9500136B1E /* CoreDataManager.swift */; };
		CED6BDC7271B27C700136B1E /* TagsReactor.swift in Sources */ = {isa = PBXBuildFile; fileRef = CED6BDC6271B27C700136B1E /* TagsReactor.swift */; };
		CED6BDC9271B3D4E00136B1E /* Extensions.swift in Sources */ = {isa = PBXBuildFile; fileRef = CED6BDC8271B3D4E00136B1E /* Extensions.swift */; };
/* End PBXBuildFile section */

/* Begin PBXFileReference section */
		2D2AA41D5C179F01A27A9B34 /* Pods-hashKeyboard.debug.xcconfig */ = {isa = PBXFileReference; includeInIndex = 1; lastKnownFileType = text.xcconfig; name = "Pods-hashKeyboard.debug.xcconfig"; path = "Target Support Files/Pods-hashKeyboard/Pods-hashKeyboard.debug.xcconfig"; sourceTree = "<group>"; };
		AE07C87B271910B8004992B7 /* hashKeyboard.app */ = {isa = PBXFileReference; explicitFileType = wrapper.application; includeInIndex = 0; path = hashKeyboard.app; sourceTree = BUILT_PRODUCTS_DIR; };
		AE07C87E271910B8004992B7 /* AppDelegate.swift */ = {isa = PBXFileReference; lastKnownFileType = sourcecode.swift; path = AppDelegate.swift; sourceTree = "<group>"; };
		AE07C880271910B8004992B7 /* SceneDelegate.swift */ = {isa = PBXFileReference; lastKnownFileType = sourcecode.swift; path = SceneDelegate.swift; sourceTree = "<group>"; };
		AE07C885271910B8004992B7 /* Base */ = {isa = PBXFileReference; lastKnownFileType = file.storyboard; name = Base; path = Base.lproj/Main.storyboard; sourceTree = "<group>"; };
		AE07C887271910BB004992B7 /* Assets.xcassets */ = {isa = PBXFileReference; lastKnownFileType = folder.assetcatalog; path = Assets.xcassets; sourceTree = "<group>"; };
		AE07C88A271910BB004992B7 /* Base */ = {isa = PBXFileReference; lastKnownFileType = file.storyboard; name = Base; path = Base.lproj/LaunchScreen.storyboard; sourceTree = "<group>"; };
		AE07C88C271910BB004992B7 /* Info.plist */ = {isa = PBXFileReference; lastKnownFileType = text.plist.xml; path = Info.plist; sourceTree = "<group>"; };
		B635627AF3ABC091308D9ADC /* Pods_hashKeyboard.framework */ = {isa = PBXFileReference; explicitFileType = wrapper.framework; includeInIndex = 0; path = Pods_hashKeyboard.framework; sourceTree = BUILT_PRODUCTS_DIR; };
		CED6BD97271AFE7A00136B1E /* BookmarksViewController.swift */ = {isa = PBXFileReference; lastKnownFileType = sourcecode.swift; path = BookmarksViewController.swift; sourceTree = "<group>"; };
		CED6BD99271AFE8600136B1E /* TagsViewController.swift */ = {isa = PBXFileReference; lastKnownFileType = sourcecode.swift; path = TagsViewController.swift; sourceTree = "<group>"; };
		CED6BD9B271AFE9600136B1E /* ConfigViewController.swift */ = {isa = PBXFileReference; lastKnownFileType = sourcecode.swift; path = ConfigViewController.swift; sourceTree = "<group>"; };
		CED6BD9D271B108000136B1E /* EditBookmarkViewController.swift */ = {isa = PBXFileReference; lastKnownFileType = sourcecode.swift; path = EditBookmarkViewController.swift; sourceTree = "<group>"; };
		CED6BD9F271B134600136B1E /* EditTagViewController.swift */ = {isa = PBXFileReference; lastKnownFileType = sourcecode.swift; path = EditTagViewController.swift; sourceTree = "<group>"; };
		CED6BDA2271B16B200136B1E /* Bookmark.xcdatamodel */ = {isa = PBXFileReference; lastKnownFileType = wrapper.xcdatamodel; path = Bookmark.xcdatamodel; sourceTree = "<group>"; };
		CED6BDC0271B1AF000136B1E /* Tag+CoreDataClass.swift */ = {isa = PBXFileReference; lastKnownFileType = sourcecode.swift; path = "Tag+CoreDataClass.swift"; sourceTree = "<group>"; };
		CED6BDC1271B1AF000136B1E /* Tag+CoreDataProperties.swift */ = {isa = PBXFileReference; lastKnownFileType = sourcecode.swift; path = "Tag+CoreDataProperties.swift"; sourceTree = "<group>"; };
		CED6BDC4271B1B9500136B1E /* CoreDataManager.swift */ = {isa = PBXFileReference; lastKnownFileType = sourcecode.swift; path = CoreDataManager.swift; sourceTree = "<group>"; };
		CED6BDC6271B27C700136B1E /* TagsReactor.swift */ = {isa = PBXFileReference; lastKnownFileType = sourcecode.swift; path = TagsReactor.swift; sourceTree = "<group>"; };
		CED6BDC8271B3D4E00136B1E /* Extensions.swift */ = {isa = PBXFileReference; lastKnownFileType = sourcecode.swift; path = Extensions.swift; sourceTree = "<group>"; };
		D202E41CDF0DFD628F0B378C /* Pods-hashKeyboard.release.xcconfig */ = {isa = PBXFileReference; includeInIndex = 1; lastKnownFileType = text.xcconfig; name = "Pods-hashKeyboard.release.xcconfig"; path = "Target Support Files/Pods-hashKeyboard/Pods-hashKeyboard.release.xcconfig"; sourceTree = "<group>"; };
/* End PBXFileReference section */

/* Begin PBXFrameworksBuildPhase section */
		AE07C878271910B8004992B7 /* Frameworks */ = {
			isa = PBXFrameworksBuildPhase;
			buildActionMask = 2147483647;
			files = (
				399C4E7CE27890E3D577DDD9 /* Pods_hashKeyboard.framework in Frameworks */,
			);
			runOnlyForDeploymentPostprocessing = 0;
		};
/* End PBXFrameworksBuildPhase section */

/* Begin PBXGroup section */
		533E651354B23B5DE8539EC4 /* Frameworks */ = {
			isa = PBXGroup;
			children = (
				B635627AF3ABC091308D9ADC /* Pods_hashKeyboard.framework */,
			);
			name = Frameworks;
			sourceTree = "<group>";
		};
		6ADD0A22914EE0595C8B6E23 /* Pods */ = {
			isa = PBXGroup;
			children = (
				2D2AA41D5C179F01A27A9B34 /* Pods-hashKeyboard.debug.xcconfig */,
				D202E41CDF0DFD628F0B378C /* Pods-hashKeyboard.release.xcconfig */,
			);
			path = Pods;
			sourceTree = "<group>";
		};
		AE07C872271910B8004992B7 = {
			isa = PBXGroup;
			children = (
				CED6BDC0271B1AF000136B1E /* Tag+CoreDataClass.swift */,
				CED6BDC1271B1AF000136B1E /* Tag+CoreDataProperties.swift */,
				AE07C87D271910B8004992B7 /* hashKeyboard */,
				AE07C87C271910B8004992B7 /* Products */,
				6ADD0A22914EE0595C8B6E23 /* Pods */,
				533E651354B23B5DE8539EC4 /* Frameworks */,
			);
			sourceTree = "<group>";
		};
		AE07C87C271910B8004992B7 /* Products */ = {
			isa = PBXGroup;
			children = (
				AE07C87B271910B8004992B7 /* hashKeyboard.app */,
			);
			name = Products;
			sourceTree = "<group>";
		};
		AE07C87D271910B8004992B7 /* hashKeyboard */ = {
			isa = PBXGroup;
			children = (
				AE07C87E271910B8004992B7 /* AppDelegate.swift */,
				CED6BDC4271B1B9500136B1E /* CoreDataManager.swift */,
				AE07C880271910B8004992B7 /* SceneDelegate.swift */,
				CED6BD97271AFE7A00136B1E /* BookmarksViewController.swift */,
				CED6BD99271AFE8600136B1E /* TagsViewController.swift */,
				CED6BDC6271B27C700136B1E /* TagsReactor.swift */,
				CED6BD9B271AFE9600136B1E /* ConfigViewController.swift */,
				CED6BD9D271B108000136B1E /* EditBookmarkViewController.swift */,
				CED6BD9F271B134600136B1E /* EditTagViewController.swift */,
				CED6BDC8271B3D4E00136B1E /* Extensions.swift */,
				AE07C884271910B8004992B7 /* Main.storyboard */,
				CED6BDA1271B16B200136B1E /* Bookmark.xcdatamodeld */,
				AE07C887271910BB004992B7 /* Assets.xcassets */,
				AE07C889271910BB004992B7 /* LaunchScreen.storyboard */,
				AE07C88C271910BB004992B7 /* Info.plist */,
			);
			path = hashKeyboard;
			sourceTree = "<group>";
		};
/* End PBXGroup section */

/* Begin PBXNativeTarget section */
		AE07C87A271910B8004992B7 /* hashKeyboard */ = {
			isa = PBXNativeTarget;
			buildConfigurationList = AE07C88F271910BB004992B7 /* Build configuration list for PBXNativeTarget "hashKeyboard" */;
			buildPhases = (
				2A70EA22D6A03ED9215F3619 /* [CP] Check Pods Manifest.lock */,
				AE07C877271910B8004992B7 /* Sources */,
				AE07C878271910B8004992B7 /* Frameworks */,
				AE07C879271910B8004992B7 /* Resources */,
				C7D342BF9247FC2C03C84FC2 /* [CP] Embed Pods Frameworks */,
			);
			buildRules = (
			);
			dependencies = (
			);
			name = hashKeyboard;
			productName = hashKeyboard;
			productReference = AE07C87B271910B8004992B7 /* hashKeyboard.app */;
			productType = "com.apple.product-type.application";
		};
/* End PBXNativeTarget section */

/* Begin PBXProject section */
		AE07C873271910B8004992B7 /* Project object */ = {
			isa = PBXProject;
			attributes = {
				BuildIndependentTargetsInParallel = 1;
				LastSwiftUpdateCheck = 1300;
				LastUpgradeCheck = 1300;
				TargetAttributes = {
					AE07C87A271910B8004992B7 = {
						CreatedOnToolsVersion = 13.0;
					};
				};
			};
			buildConfigurationList = AE07C876271910B8004992B7 /* Build configuration list for PBXProject "hashKeyboard" */;
			compatibilityVersion = "Xcode 13.0";
			developmentRegion = en;
			hasScannedForEncodings = 0;
			knownRegions = (
				en,
				Base,
			);
			mainGroup = AE07C872271910B8004992B7;
			productRefGroup = AE07C87C271910B8004992B7 /* Products */;
			projectDirPath = "";
			projectRoot = "";
			targets = (
				AE07C87A271910B8004992B7 /* hashKeyboard */,
			);
		};
/* End PBXProject section */

/* Begin PBXResourcesBuildPhase section */
		AE07C879271910B8004992B7 /* Resources */ = {
			isa = PBXResourcesBuildPhase;
			buildActionMask = 2147483647;
			files = (
				AE07C88B271910BB004992B7 /* LaunchScreen.storyboard in Resources */,
				AE07C888271910BB004992B7 /* Assets.xcassets in Resources */,
				AE07C886271910B8004992B7 /* Main.storyboard in Resources */,
			);
			runOnlyForDeploymentPostprocessing = 0;
		};
/* End PBXResourcesBuildPhase section */

/* Begin PBXShellScriptBuildPhase section */
		2A70EA22D6A03ED9215F3619 /* [CP] Check Pods Manifest.lock */ = {
			isa = PBXShellScriptBuildPhase;
			buildActionMask = 2147483647;
			files = (
			);
			inputFileListPaths = (
			);
			inputPaths = (
				"${PODS_PODFILE_DIR_PATH}/Podfile.lock",
				"${PODS_ROOT}/Manifest.lock",
			);
			name = "[CP] Check Pods Manifest.lock";
			outputFileListPaths = (
			);
			outputPaths = (
				"$(DERIVED_FILE_DIR)/Pods-hashKeyboard-checkManifestLockResult.txt",
			);
			runOnlyForDeploymentPostprocessing = 0;
			shellPath = /bin/sh;
			shellScript = "diff \"${PODS_PODFILE_DIR_PATH}/Podfile.lock\" \"${PODS_ROOT}/Manifest.lock\" > /dev/null\nif [ $? != 0 ] ; then\n    # print error to STDERR\n    echo \"error: The sandbox is not in sync with the Podfile.lock. Run 'pod install' or update your CocoaPods installation.\" >&2\n    exit 1\nfi\n# This output is used by Xcode 'outputs' to avoid re-running this script phase.\necho \"SUCCESS\" > \"${SCRIPT_OUTPUT_FILE_0}\"\n";
			showEnvVarsInLog = 0;
		};
		C7D342BF9247FC2C03C84FC2 /* [CP] Embed Pods Frameworks */ = {
			isa = PBXShellScriptBuildPhase;
			buildActionMask = 2147483647;
			files = (
			);
			inputFileListPaths = (
				"${PODS_ROOT}/Target Support Files/Pods-hashKeyboard/Pods-hashKeyboard-frameworks-${CONFIGURATION}-input-files.xcfilelist",
			);
			name = "[CP] Embed Pods Frameworks";
			outputFileListPaths = (
				"${PODS_ROOT}/Target Support Files/Pods-hashKeyboard/Pods-hashKeyboard-frameworks-${CONFIGURATION}-output-files.xcfilelist",
			);
			runOnlyForDeploymentPostprocessing = 0;
			shellPath = /bin/sh;
			shellScript = "\"${PODS_ROOT}/Target Support Files/Pods-hashKeyboard/Pods-hashKeyboard-frameworks.sh\"\n";
			showEnvVarsInLog = 0;
		};
/* End PBXShellScriptBuildPhase section */

/* Begin PBXSourcesBuildPhase section */
		AE07C877271910B8004992B7 /* Sources */ = {
			isa = PBXSourcesBuildPhase;
			buildActionMask = 2147483647;
			files = (
				CED6BD98271AFE7A00136B1E /* BookmarksViewController.swift in Sources */,
				CED6BD9A271AFE8600136B1E /* TagsViewController.swift in Sources */,
				CED6BDA0271B134600136B1E /* EditTagViewController.swift in Sources */,
				CED6BDA3271B16B200136B1E /* Bookmark.xcdatamodeld in Sources */,
				CED6BDC2271B1AF000136B1E /* Tag+CoreDataClass.swift in Sources */,
				CED6BD9E271B108000136B1E /* EditBookmarkViewController.swift in Sources */,
				CED6BDC3271B1AF000136B1E /* Tag+CoreDataProperties.swift in Sources */,
				AE07C87F271910B8004992B7 /* AppDelegate.swift in Sources */,
				CED6BDC9271B3D4E00136B1E /* Extensions.swift in Sources */,
				CED6BD9C271AFE9600136B1E /* ConfigViewController.swift in Sources */,
				AE07C881271910B8004992B7 /* SceneDelegate.swift in Sources */,
				CED6BDC5271B1B9500136B1E /* CoreDataManager.swift in Sources */,
				CED6BDC7271B27C700136B1E /* TagsReactor.swift in Sources */,
			);
			runOnlyForDeploymentPostprocessing = 0;
		};
/* End PBXSourcesBuildPhase section */

/* Begin PBXVariantGroup section */
		AE07C884271910B8004992B7 /* Main.storyboard */ = {
			isa = PBXVariantGroup;
			children = (
				AE07C885271910B8004992B7 /* Base */,
			);
			name = Main.storyboard;
			sourceTree = "<group>";
		};
		AE07C889271910BB004992B7 /* LaunchScreen.storyboard */ = {
			isa = PBXVariantGroup;
			children = (
				AE07C88A271910BB004992B7 /* Base */,
			);
			name = LaunchScreen.storyboard;
			sourceTree = "<group>";
		};
/* End PBXVariantGroup section */

/* Begin XCBuildConfiguration section */
		AE07C88D271910BB004992B7 /* Debug */ = {
			isa = XCBuildConfiguration;
			buildSettings = {
				ALWAYS_SEARCH_USER_PATHS = NO;
				CLANG_ANALYZER_NONNULL = YES;
				CLANG_ANALYZER_NUMBER_OBJECT_CONVERSION = YES_AGGRESSIVE;
				CLANG_CXX_LANGUAGE_STANDARD = "gnu++17";
				CLANG_CXX_LIBRARY = "libc++";
				CLANG_ENABLE_MODULES = YES;
				CLANG_ENABLE_OBJC_ARC = YES;
				CLANG_ENABLE_OBJC_WEAK = YES;
				CLANG_WARN_BLOCK_CAPTURE_AUTORELEASING = YES;
				CLANG_WARN_BOOL_CONVERSION = YES;
				CLANG_WARN_COMMA = YES;
				CLANG_WARN_CONSTANT_CONVERSION = YES;
				CLANG_WARN_DEPRECATED_OBJC_IMPLEMENTATIONS = YES;
				CLANG_WARN_DIRECT_OBJC_ISA_USAGE = YES_ERROR;
				CLANG_WARN_DOCUMENTATION_COMMENTS = YES;
				CLANG_WARN_EMPTY_BODY = YES;
				CLANG_WARN_ENUM_CONVERSION = YES;
				CLANG_WARN_INFINITE_RECURSION = YES;
				CLANG_WARN_INT_CONVERSION = YES;
				CLANG_WARN_NON_LITERAL_NULL_CONVERSION = YES;
				CLANG_WARN_OBJC_IMPLICIT_RETAIN_SELF = YES;
				CLANG_WARN_OBJC_LITERAL_CONVERSION = YES;
				CLANG_WARN_OBJC_ROOT_CLASS = YES_ERROR;
				CLANG_WARN_QUOTED_INCLUDE_IN_FRAMEWORK_HEADER = YES;
				CLANG_WARN_RANGE_LOOP_ANALYSIS = YES;
				CLANG_WARN_STRICT_PROTOTYPES = YES;
				CLANG_WARN_SUSPICIOUS_MOVE = YES;
				CLANG_WARN_UNGUARDED_AVAILABILITY = YES_AGGRESSIVE;
				CLANG_WARN_UNREACHABLE_CODE = YES;
				CLANG_WARN__DUPLICATE_METHOD_MATCH = YES;
				COPY_PHASE_STRIP = NO;
				DEBUG_INFORMATION_FORMAT = dwarf;
				ENABLE_STRICT_OBJC_MSGSEND = YES;
				ENABLE_TESTABILITY = YES;
				GCC_C_LANGUAGE_STANDARD = gnu11;
				GCC_DYNAMIC_NO_PIC = NO;
				GCC_NO_COMMON_BLOCKS = YES;
				GCC_OPTIMIZATION_LEVEL = 0;
				GCC_PREPROCESSOR_DEFINITIONS = (
					"DEBUG=1",
					"$(inherited)",
				);
				GCC_WARN_64_TO_32_BIT_CONVERSION = YES;
				GCC_WARN_ABOUT_RETURN_TYPE = YES_ERROR;
				GCC_WARN_UNDECLARED_SELECTOR = YES;
				GCC_WARN_UNINITIALIZED_AUTOS = YES_AGGRESSIVE;
				GCC_WARN_UNUSED_FUNCTION = YES;
				GCC_WARN_UNUSED_VARIABLE = YES;
				IPHONEOS_DEPLOYMENT_TARGET = 15.0;
				MTL_ENABLE_DEBUG_INFO = INCLUDE_SOURCE;
				MTL_FAST_MATH = YES;
				ONLY_ACTIVE_ARCH = YES;
				SDKROOT = iphoneos;
				SWIFT_ACTIVE_COMPILATION_CONDITIONS = DEBUG;
				SWIFT_OPTIMIZATION_LEVEL = "-Onone";
			};
			name = Debug;
		};
		AE07C88E271910BB004992B7 /* Release */ = {
			isa = XCBuildConfiguration;
			buildSettings = {
				ALWAYS_SEARCH_USER_PATHS = NO;
				CLANG_ANALYZER_NONNULL = YES;
				CLANG_ANALYZER_NUMBER_OBJECT_CONVERSION = YES_AGGRESSIVE;
				CLANG_CXX_LANGUAGE_STANDARD = "gnu++17";
				CLANG_CXX_LIBRARY = "libc++";
				CLANG_ENABLE_MODULES = YES;
				CLANG_ENABLE_OBJC_ARC = YES;
				CLANG_ENABLE_OBJC_WEAK = YES;
				CLANG_WARN_BLOCK_CAPTURE_AUTORELEASING = YES;
				CLANG_WARN_BOOL_CONVERSION = YES;
				CLANG_WARN_COMMA = YES;
				CLANG_WARN_CONSTANT_CONVERSION = YES;
				CLANG_WARN_DEPRECATED_OBJC_IMPLEMENTATIONS = YES;
				CLANG_WARN_DIRECT_OBJC_ISA_USAGE = YES_ERROR;
				CLANG_WARN_DOCUMENTATION_COMMENTS = YES;
				CLANG_WARN_EMPTY_BODY = YES;
				CLANG_WARN_ENUM_CONVERSION = YES;
				CLANG_WARN_INFINITE_RECURSION = YES;
				CLANG_WARN_INT_CONVERSION = YES;
				CLANG_WARN_NON_LITERAL_NULL_CONVERSION = YES;
				CLANG_WARN_OBJC_IMPLICIT_RETAIN_SELF = YES;
				CLANG_WARN_OBJC_LITERAL_CONVERSION = YES;
				CLANG_WARN_OBJC_ROOT_CLASS = YES_ERROR;
				CLANG_WARN_QUOTED_INCLUDE_IN_FRAMEWORK_HEADER = YES;
				CLANG_WARN_RANGE_LOOP_ANALYSIS = YES;
				CLANG_WARN_STRICT_PROTOTYPES = YES;
				CLANG_WARN_SUSPICIOUS_MOVE = YES;
				CLANG_WARN_UNGUARDED_AVAILABILITY = YES_AGGRESSIVE;
				CLANG_WARN_UNREACHABLE_CODE = YES;
				CLANG_WARN__DUPLICATE_METHOD_MATCH = YES;
				COPY_PHASE_STRIP = NO;
				DEBUG_INFORMATION_FORMAT = "dwarf-with-dsym";
				ENABLE_NS_ASSERTIONS = NO;
				ENABLE_STRICT_OBJC_MSGSEND = YES;
				GCC_C_LANGUAGE_STANDARD = gnu11;
				GCC_NO_COMMON_BLOCKS = YES;
				GCC_WARN_64_TO_32_BIT_CONVERSION = YES;
				GCC_WARN_ABOUT_RETURN_TYPE = YES_ERROR;
				GCC_WARN_UNDECLARED_SELECTOR = YES;
				GCC_WARN_UNINITIALIZED_AUTOS = YES_AGGRESSIVE;
				GCC_WARN_UNUSED_FUNCTION = YES;
				GCC_WARN_UNUSED_VARIABLE = YES;
				IPHONEOS_DEPLOYMENT_TARGET = 15.0;
				MTL_ENABLE_DEBUG_INFO = NO;
				MTL_FAST_MATH = YES;
				SDKROOT = iphoneos;
				SWIFT_COMPILATION_MODE = wholemodule;
				SWIFT_OPTIMIZATION_LEVEL = "-O";
				VALIDATE_PRODUCT = YES;
			};
			name = Release;
		};
		AE07C890271910BB004992B7 /* Debug */ = {
			isa = XCBuildConfiguration;
			baseConfigurationReference = 2D2AA41D5C179F01A27A9B34 /* Pods-hashKeyboard.debug.xcconfig */;
			buildSettings = {
				ASSETCATALOG_COMPILER_APPICON_NAME = AppIcon;
				ASSETCATALOG_COMPILER_GLOBAL_ACCENT_COLOR_NAME = AccentColor;
				CODE_SIGN_STYLE = Automatic;
				CURRENT_PROJECT_VERSION = 1;
				DEVELOPMENT_TEAM = DUV8UP2WXU;
				GENERATE_INFOPLIST_FILE = YES;
				INFOPLIST_FILE = hashKeyboard/Info.plist;
				INFOPLIST_KEY_UIApplicationSupportsIndirectInputEvents = YES;
				INFOPLIST_KEY_UILaunchStoryboardName = LaunchScreen;
				INFOPLIST_KEY_UIMainStoryboardFile = Main;
				INFOPLIST_KEY_UISupportedInterfaceOrientations_iPad = "UIInterfaceOrientationPortrait UIInterfaceOrientationPortraitUpsideDown UIInterfaceOrientationLandscapeLeft UIInterfaceOrientationLandscapeRight";
				INFOPLIST_KEY_UISupportedInterfaceOrientations_iPhone = "UIInterfaceOrientationPortrait UIInterfaceOrientationLandscapeLeft UIInterfaceOrientationLandscapeRight";
				LD_RUNPATH_SEARCH_PATHS = (
					"$(inherited)",
					"@executable_path/Frameworks",
				);
				MARKETING_VERSION = 1.0;
				PRODUCT_BUNDLE_IDENTIFIER = com.johnny.hashKeyboard;
				PRODUCT_NAME = "$(TARGET_NAME)";
				SWIFT_EMIT_LOC_STRINGS = YES;
				SWIFT_VERSION = 5.0;
				TARGETED_DEVICE_FAMILY = "1,2";
			};
			name = Debug;
		};
		AE07C891271910BB004992B7 /* Release */ = {
			isa = XCBuildConfiguration;
			baseConfigurationReference = D202E41CDF0DFD628F0B378C /* Pods-hashKeyboard.release.xcconfig */;
			buildSettings = {
				ASSETCATALOG_COMPILER_APPICON_NAME = AppIcon;
				ASSETCATALOG_COMPILER_GLOBAL_ACCENT_COLOR_NAME = AccentColor;
				CODE_SIGN_STYLE = Automatic;
				CURRENT_PROJECT_VERSION = 1;
				DEVELOPMENT_TEAM = DUV8UP2WXU;
				GENERATE_INFOPLIST_FILE = YES;
				INFOPLIST_FILE = hashKeyboard/Info.plist;
				INFOPLIST_KEY_UIApplicationSupportsIndirectInputEvents = YES;
				INFOPLIST_KEY_UILaunchStoryboardName = LaunchScreen;
				INFOPLIST_KEY_UIMainStoryboardFile = Main;
				INFOPLIST_KEY_UISupportedInterfaceOrientations_iPad = "UIInterfaceOrientationPortrait UIInterfaceOrientationPortraitUpsideDown UIInterfaceOrientationLandscapeLeft UIInterfaceOrientationLandscapeRight";
				INFOPLIST_KEY_UISupportedInterfaceOrientations_iPhone = "UIInterfaceOrientationPortrait UIInterfaceOrientationLandscapeLeft UIInterfaceOrientationLandscapeRight";
				LD_RUNPATH_SEARCH_PATHS = (
					"$(inherited)",
					"@executable_path/Frameworks",
				);
				MARKETING_VERSION = 1.0;
				PRODUCT_BUNDLE_IDENTIFIER = com.johnny.hashKeyboard;
				PRODUCT_NAME = "$(TARGET_NAME)";
				SWIFT_EMIT_LOC_STRINGS = YES;
				SWIFT_VERSION = 5.0;
				TARGETED_DEVICE_FAMILY = "1,2";
			};
			name = Release;
		};
/* End XCBuildConfiguration section */

/* Begin XCConfigurationList section */
		AE07C876271910B8004992B7 /* Build configuration list for PBXProject "hashKeyboard" */ = {
			isa = XCConfigurationList;
			buildConfigurations = (
				AE07C88D271910BB004992B7 /* Debug */,
				AE07C88E271910BB004992B7 /* Release */,
			);
			defaultConfigurationIsVisible = 0;
			defaultConfigurationName = Release;
		};
		AE07C88F271910BB004992B7 /* Build configuration list for PBXNativeTarget "hashKeyboard" */ = {
			isa = XCConfigurationList;
			buildConfigurations = (
				AE07C890271910BB004992B7 /* Debug */,
				AE07C891271910BB004992B7 /* Release */,
			);
			defaultConfigurationIsVisible = 0;
			defaultConfigurationName = Release;
		};
/* End XCConfigurationList section */

/* Begin XCVersionGroup section */
		CED6BDA1271B16B200136B1E /* Bookmark.xcdatamodeld */ = {
			isa = XCVersionGroup;
			children = (
				CED6BDA2271B16B200136B1E /* Bookmark.xcdatamodel */,
			);
			currentVersion = CED6BDA2271B16B200136B1E /* Bookmark.xcdatamodel */;
			path = Bookmark.xcdatamodeld;
			sourceTree = "<group>";
			versionGroupType = wrapper.xcdatamodel;
		};
/* End XCVersionGroup section */
	};
	rootObject = AE07C873271910B8004992B7 /* Project object */;
}
