PODS:
  - ReactorKit (2.1.1):
    - RxSwift (~> 5.0)
    - WeakMapTable (~> 1.1)
  - RxCocoa (5.1.1):
    - RxRelay (~> 5)
    - RxSwift (~> 5)
  - RxRelay (5.1.1):
    - RxSwift (~> 5)
  - RxSwift (5.1.2)
  - RxViewController (1.0.0):
    - RxCocoa (~> 5.0)
    - RxSwift (~> 5.0)
  - WeakMapTable (1.2.0)

DEPENDENCIES:
  - ReactorKit
  - RxCocoa (~> 5)
  - RxSwift (~> 5)
  - RxViewController

SPEC REPOS:
  trunk:
    - ReactorKit
    - RxCocoa
    - RxRelay
    - RxSwift
    - RxViewController
    - WeakMapTable

SPEC CHECKSUMS:
  ReactorKit: 6d894a20c3d508344320901cd8e386fde92df4b6
  RxCocoa: 32065309a38d29b5b0db858819b5bf9ef038b601
  RxRelay: d77f7d771495f43c556cbc43eebd1bb54d01e8e9
  RxSwift: 1e2e1f9570186967f617e49128ed26ccf1bafc8e
  RxViewController: 7330a46e5c31cd680db169da4c9fc8676e975a81
  WeakMapTable: 05c694ce8439a7a9ebabb56187287a63c57673d6

PODFILE CHECKSUM: 1bac7386582de5ba7b20057689602a29d975d947

COCOAPODS: 1.10.2
